
Microsoft Visual Studio Solution File, Format Version 12.00
# Visual Studio Version 16
VisualStudioVersion = 16.0.33027.164
MinimumVisualStudioVersion = 10.0.40219.1
Project("{FAE04EC0-301F-11D3-BF4B-00C04F79EFBC}") = "JobTrackingForm", "JobTrackingForm\JobTrackingForm.csproj", "{46A2227F-818B-4F4D-8D80-CC4D91BB8AF4}"
EndProject
Global
	GlobalSection(SolutionConfigurationPlatforms) = preSolution
		Debug|Any CPU = Debug|Any CPU
		Release|Any CPU = Release|Any CPU
	EndGlobalSection
	GlobalSection(ProjectConfigurationPlatforms) = postSolution
		{46A2227F-818B-4F4D-8D80-CC4D91BB8AF4}.Debug|Any CPU.ActiveCfg = Debug|Any CPU
		{46A2227F-818B-4F4D-8D80-CC4D91BB8AF4}.Debug|Any CPU.Build.0 = Debug|Any CPU
		{46A2227F-818B-4F4D-8D80-CC4D91BB8AF4}.Release|Any CPU.ActiveCfg = Release|Any CPU
		{46A2227F-818B-4F4D-8D80-CC4D91BB8AF4}.Release|Any CPU.Build.0 = Release|Any CPU
	EndGlobalSection
	GlobalSection(SolutionProperties) = preSolution
		HideSolutionNode = FALSE
	EndGlobalSection
	GlobalSection(ExtensibilityGlobals) = postSolution
		SolutionGuid = {92C010EF-254B-4E68-944A-18569BE5C119}
	EndGlobalSection
EndGlobal
